// !$*UTF8*$!
{
	archiveVersion = 1;
	classes = {
	};
	objectVersion = 56;
	objects = {

/* Begin PBXBuildFile section */
		EB372AED2A198BF9005BE931 /* oFolcloreCartasApp.swift in Sources */ = {isa = PBXBuildFile; fileRef = EB372AEC2A198BF9005BE931 /* oFolcloreCartasApp.swift */; };
		EB372AEF2A198BF9005BE931 /* MainView.swift in Sources */ = {isa = PBXBuildFile; fileRef = EB372AEE2A198BF9005BE931 /* MainView.swift */; };
		EB372AF12A198BFA005BE931 /* Assets.xcassets in Resources */ = {isa = PBXBuildFile; fileRef = EB372AF02A198BFA005BE931 /* Assets.xcassets */; };
		EB372AF42A198BFA005BE931 /* Preview Assets.xcassets in Resources */ = {isa = PBXBuildFile; fileRef = EB372AF32A198BFA005BE931 /* Preview Assets.xcassets */; };
		EB372AFE2A198BFA005BE931 /* oFolcloreCartasTests.swift in Sources */ = {isa = PBXBuildFile; fileRef = EB372AFD2A198BFA005BE931 /* oFolcloreCartasTests.swift */; };
		EB372B082A198BFA005BE931 /* oFolcloreCartasUITests.swift in Sources */ = {isa = PBXBuildFile; fileRef = EB372B072A198BFA005BE931 /* oFolcloreCartasUITests.swift */; };
		EB372B0A2A198BFA005BE931 /* oFolcloreCartasUITestsLaunchTests.swift in Sources */ = {isa = PBXBuildFile; fileRef = EB372B092A198BFA005BE931 /* oFolcloreCartasUITestsLaunchTests.swift */; };
		EB372B1A2A198D80005BE931 /* CardGameModel.swift in Sources */ = {isa = PBXBuildFile; fileRef = EB372B192A198D80005BE931 /* CardGameModel.swift */; };
		EB372B1D2A1993E6005BE931 /* CartaAcimaView.swift in Sources */ = {isa = PBXBuildFile; fileRef = EB372B1C2A1993E6005BE931 /* CartaAcimaView.swift */; };
		EBEF872B2A1AAF9700B117E4 /* CartaAbaixoView.swift in Sources */ = {isa = PBXBuildFile; fileRef = EBEF872A2A1AAF9700B117E4 /* CartaAbaixoView.swift */; };
		EBEF872D2A1AC9A700B117E4 /* JogoViewModel.swift in Sources */ = {isa = PBXBuildFile; fileRef = EBEF872C2A1AC9A700B117E4 /* JogoViewModel.swift */; };
/* End PBXBuildFile section */

/* Begin PBXContainerItemProxy section */
		EB372AFA2A198BFA005BE931 /* PBXContainerItemProxy */ = {
			isa = PBXContainerItemProxy;
			containerPortal = EB372AE12A198BF8005BE931 /* Project object */;
			proxyType = 1;
			remoteGlobalIDString = EB372AE82A198BF9005BE931;
			remoteInfo = oFolcloreCartas;
		};
		EB372B042A198BFA005BE931 /* PBXContainerItemProxy */ = {
			isa = PBXContainerItemProxy;
			containerPortal = EB372AE12A198BF8005BE931 /* Project object */;
			proxyType = 1;
			remoteGlobalIDString = EB372AE82A198BF9005BE931;
			remoteInfo = oFolcloreCartas;
		};
/* End PBXContainerItemProxy section */

/* Begin PBXFileReference section */
		EB372AE92A198BF9005BE931 /* oFolcloreCartas.app */ = {isa = PBXFileReference; explicitFileType = wrapper.application; includeInIndex = 0; path = oFolcloreCartas.app; sourceTree = BUILT_PRODUCTS_DIR; };
		EB372AEC2A198BF9005BE931 /* oFolcloreCartasApp.swift */ = {isa = PBXFileReference; lastKnownFileType = sourcecode.swift; path = oFolcloreCartasApp.swift; sourceTree = "<group>"; };
		EB372AEE2A198BF9005BE931 /* MainView.swift */ = {isa = PBXFileReference; lastKnownFileType = sourcecode.swift; path = MainView.swift; sourceTree = "<group>"; };
		EB372AF02A198BFA005BE931 /* Assets.xcassets */ = {isa = PBXFileReference; lastKnownFileType = folder.assetcatalog; path = Assets.xcassets; sourceTree = "<group>"; };
		EB372AF32A198BFA005BE931 /* Preview Assets.xcassets */ = {isa = PBXFileReference; lastKnownFileType = folder.assetcatalog; path = "Preview Assets.xcassets"; sourceTree = "<group>"; };
		EB372AF92A198BFA005BE931 /* oFolcloreCartasTests.xctest */ = {isa = PBXFileReference; explicitFileType = wrapper.cfbundle; includeInIndex = 0; path = oFolcloreCartasTests.xctest; sourceTree = BUILT_PRODUCTS_DIR; };
		EB372AFD2A198BFA005BE931 /* oFolcloreCartasTests.swift */ = {isa = PBXFileReference; lastKnownFileType = sourcecode.swift; path = oFolcloreCartasTests.swift; sourceTree = "<group>"; };
		EB372B032A198BFA005BE931 /* oFolcloreCartasUITests.xctest */ = {isa = PBXFileReference; explicitFileType = wrapper.cfbundle; includeInIndex = 0; path = oFolcloreCartasUITests.xctest; sourceTree = BUILT_PRODUCTS_DIR; };
		EB372B072A198BFA005BE931 /* oFolcloreCartasUITests.swift */ = {isa = PBXFileReference; lastKnownFileType = sourcecode.swift; path = oFolcloreCartasUITests.swift; sourceTree = "<group>"; };
		EB372B092A198BFA005BE931 /* oFolcloreCartasUITestsLaunchTests.swift */ = {isa = PBXFileReference; lastKnownFileType = sourcecode.swift; path = oFolcloreCartasUITestsLaunchTests.swift; sourceTree = "<group>"; };
		EB372B192A198D80005BE931 /* CardGameModel.swift */ = {isa = PBXFileReference; lastKnownFileType = sourcecode.swift; path = CardGameModel.swift; sourceTree = "<group>"; };
		EB372B1C2A1993E6005BE931 /* CartaAcimaView.swift */ = {isa = PBXFileReference; lastKnownFileType = sourcecode.swift; path = CartaAcimaView.swift; sourceTree = "<group>"; };
		EBEF872A2A1AAF9700B117E4 /* CartaAbaixoView.swift */ = {isa = PBXFileReference; lastKnownFileType = sourcecode.swift; path = CartaAbaixoView.swift; sourceTree = "<group>"; };
		EBEF872C2A1AC9A700B117E4 /* JogoViewModel.swift */ = {isa = PBXFileReference; lastKnownFileType = sourcecode.swift; path = JogoViewModel.swift; sourceTree = "<group>"; };
/* End PBXFileReference section */

/* Begin PBXFrameworksBuildPhase section */
		EB372AE62A198BF9005BE931 /* Frameworks */ = {
			isa = PBXFrameworksBuildPhase;
			buildActionMask = 2147483647;
			files = (
			);
			runOnlyForDeploymentPostprocessing = 0;
		};
		EB372AF62A198BFA005BE931 /* Frameworks */ = {
			isa = PBXFrameworksBuildPhase;
			buildActionMask = 2147483647;
			files = (
			);
			runOnlyForDeploymentPostprocessing = 0;
		};
		EB372B002A198BFA005BE931 /* Frameworks */ = {
			isa = PBXFrameworksBuildPhase;
			buildActionMask = 2147483647;
			files = (
			);
			runOnlyForDeploymentPostprocessing = 0;
		};
/* End PBXFrameworksBuildPhase section */

/* Begin PBXGroup section */
		EB372AE02A198BF8005BE931 = {
			isa = PBXGroup;
			children = (
				EB372B182A198D70005BE931 /* ViewModel */,
				EB372B172A198D6A005BE931 /* View */,
				EB372B162A198D54005BE931 /* Model */,
				EB372AEB2A198BF9005BE931 /* oFolcloreCartas */,
				EB372AFC2A198BFA005BE931 /* oFolcloreCartasTests */,
				EB372B062A198BFA005BE931 /* oFolcloreCartasUITests */,
				EB372AEA2A198BF9005BE931 /* Products */,
			);
			sourceTree = "<group>";
		};
		EB372AEA2A198BF9005BE931 /* Products */ = {
			isa = PBXGroup;
			children = (
				EB372AE92A198BF9005BE931 /* oFolcloreCartas.app */,
				EB372AF92A198BFA005BE931 /* oFolcloreCartasTests.xctest */,
				EB372B032A198BFA005BE931 /* oFolcloreCartasUITests.xctest */,
			);
			name = Products;
			sourceTree = "<group>";
		};
		EB372AEB2A198BF9005BE931 /* oFolcloreCartas */ = {
			isa = PBXGroup;
			children = (
				EB372AEC2A198BF9005BE931 /* oFolcloreCartasApp.swift */,
				EB372AF02A198BFA005BE931 /* Assets.xcassets */,
				EB372AF22A198BFA005BE931 /* Preview Content */,
			);
			path = oFolcloreCartas;
			sourceTree = "<group>";
		};
		EB372AF22A198BFA005BE931 /* Preview Content */ = {
			isa = PBXGroup;
			children = (
				EB372AF32A198BFA005BE931 /* Preview Assets.xcassets */,
			);
			path = "Preview Content";
			sourceTree = "<group>";
		};
		EB372AFC2A198BFA005BE931 /* oFolcloreCartasTests */ = {
			isa = PBXGroup;
			children = (
				EB372AFD2A198BFA005BE931 /* oFolcloreCartasTests.swift */,
			);
			path = oFolcloreCartasTests;
			sourceTree = "<group>";
		};
		EB372B062A198BFA005BE931 /* oFolcloreCartasUITests */ = {
			isa = PBXGroup;
			children = (
				EB372B072A198BFA005BE931 /* oFolcloreCartasUITests.swift */,
				EB372B092A198BFA005BE931 /* oFolcloreCartasUITestsLaunchTests.swift */,
			);
			path = oFolcloreCartasUITests;
			sourceTree = "<group>";
		};
		EB372B162A198D54005BE931 /* Model */ = {
			isa = PBXGroup;
			children = (
				EB372B192A198D80005BE931 /* CardGameModel.swift */,
			);
			path = Model;
			sourceTree = "<group>";
		};
		EB372B172A198D6A005BE931 /* View */ = {
			isa = PBXGroup;
			children = (
				EB372AEE2A198BF9005BE931 /* MainView.swift */,
				EB372B1B2A1993CD005BE931 /* Componente */,
			);
			path = View;
			sourceTree = "<group>";
		};
		EB372B182A198D70005BE931 /* ViewModel */ = {
			isa = PBXGroup;
			children = (
				EBEF872C2A1AC9A700B117E4 /* JogoViewModel.swift */,
			);
			path = ViewModel;
			sourceTree = "<group>";
		};
		EB372B1B2A1993CD005BE931 /* Componente */ = {
			isa = PBXGroup;
			children = (
				EB372B1C2A1993E6005BE931 /* CartaAcimaView.swift */,
				EBEF872A2A1AAF9700B117E4 /* CartaAbaixoView.swift */,
			);
			path = Componente;
			sourceTree = "<group>";
		};
/* End PBXGroup section */

/* Begin PBXNativeTarget section */
		EB372AE82A198BF9005BE931 /* oFolcloreCartas */ = {
			isa = PBXNativeTarget;
			buildConfigurationList = EB372B0D2A198BFA005BE931 /* Build configuration list for PBXNativeTarget "oFolcloreCartas" */;
			buildPhases = (
				EB372AE52A198BF9005BE931 /* Sources */,
				EB372AE62A198BF9005BE931 /* Frameworks */,
				EB372AE72A198BF9005BE931 /* Resources */,
			);
			buildRules = (
			);
			dependencies = (
			);
			name = oFolcloreCartas;
			productName = oFolcloreCartas;
			productReference = EB372AE92A198BF9005BE931 /* oFolcloreCartas.app */;
			productType = "com.apple.product-type.application";
		};
		EB372AF82A198BFA005BE931 /* oFolcloreCartasTests */ = {
			isa = PBXNativeTarget;
			buildConfigurationList = EB372B102A198BFA005BE931 /* Build configuration list for PBXNativeTarget "oFolcloreCartasTests" */;
			buildPhases = (
				EB372AF52A198BFA005BE931 /* Sources */,
				EB372AF62A198BFA005BE931 /* Frameworks */,
				EB372AF72A198BFA005BE931 /* Resources */,
			);
			buildRules = (
			);
			dependencies = (
				EB372AFB2A198BFA005BE931 /* PBXTargetDependency */,
			);
			name = oFolcloreCartasTests;
			productName = oFolcloreCartasTests;
			productReference = EB372AF92A198BFA005BE931 /* oFolcloreCartasTests.xctest */;
			productType = "com.apple.product-type.bundle.unit-test";
		};
		EB372B022A198BFA005BE931 /* oFolcloreCartasUITests */ = {
			isa = PBXNativeTarget;
			buildConfigurationList = EB372B132A198BFA005BE931 /* Build configuration list for PBXNativeTarget "oFolcloreCartasUITests" */;
			buildPhases = (
				EB372AFF2A198BFA005BE931 /* Sources */,
				EB372B002A198BFA005BE931 /* Frameworks */,
				EB372B012A198BFA005BE931 /* Resources */,
			);
			buildRules = (
			);
			dependencies = (
				EB372B052A198BFA005BE931 /* PBXTargetDependency */,
			);
			name = oFolcloreCartasUITests;
			productName = oFolcloreCartasUITests;
			productReference = EB372B032A198BFA005BE931 /* oFolcloreCartasUITests.xctest */;
			productType = "com.apple.product-type.bundle.ui-testing";
		};
/* End PBXNativeTarget section */

/* Begin PBXProject section */
		EB372AE12A198BF8005BE931 /* Project object */ = {
			isa = PBXProject;
			attributes = {
				BuildIndependentTargetsInParallel = 1;
				LastSwiftUpdateCheck = 1420;
				LastUpgradeCheck = 1420;
				TargetAttributes = {
					EB372AE82A198BF9005BE931 = {
						CreatedOnToolsVersion = 14.2;
					};
					EB372AF82A198BFA005BE931 = {
						CreatedOnToolsVersion = 14.2;
						TestTargetID = EB372AE82A198BF9005BE931;
					};
					EB372B022A198BFA005BE931 = {
						CreatedOnToolsVersion = 14.2;
						TestTargetID = EB372AE82A198BF9005BE931;
					};
				};
			};
			buildConfigurationList = EB372AE42A198BF8005BE931 /* Build configuration list for PBXProject "oFolcloreCartas" */;
			compatibilityVersion = "Xcode 14.0";
			developmentRegion = en;
			hasScannedForEncodings = 0;
			knownRegions = (
				en,
				Base,
			);
			mainGroup = EB372AE02A198BF8005BE931;
			productRefGroup = EB372AEA2A198BF9005BE931 /* Products */;
			projectDirPath = "";
			projectRoot = "";
			targets = (
				EB372AE82A198BF9005BE931 /* oFolcloreCartas */,
				EB372AF82A198BFA005BE931 /* oFolcloreCartasTests */,
				EB372B022A198BFA005BE931 /* oFolcloreCartasUITests */,
			);
		};
/* End PBXProject section */

/* Begin PBXResourcesBuildPhase section */
		EB372AE72A198BF9005BE931 /* Resources */ = {
			isa = PBXResourcesBuildPhase;
			buildActionMask = 2147483647;
			files = (
				EB372AF42A198BFA005BE931 /* Preview Assets.xcassets in Resources */,
				EB372AF12A198BFA005BE931 /* Assets.xcassets in Resources */,
			);
			runOnlyForDeploymentPostprocessing = 0;
		};
		EB372AF72A198BFA005BE931 /* Resources */ = {
			isa = PBXResourcesBuildPhase;
			buildActionMask = 2147483647;
			files = (
			);
			runOnlyForDeploymentPostprocessing = 0;
		};
		EB372B012A198BFA005BE931 /* Resources */ = {
			isa = PBXResourcesBuildPhase;
			buildActionMask = 2147483647;
			files = (
			);
			runOnlyForDeploymentPostprocessing = 0;
		};
/* End PBXResourcesBuildPhase section */

/* Begin PBXSourcesBuildPhase section */
		EB372AE52A198BF9005BE931 /* Sources */ = {
			isa = PBXSourcesBuildPhase;
			buildActionMask = 2147483647;
			files = (
				EBEF872B2A1AAF9700B117E4 /* CartaAbaixoView.swift in Sources */,
				EB372B1D2A1993E6005BE931 /* CartaAcimaView.swift in Sources */,
				EB372B1A2A198D80005BE931 /* CardGameModel.swift in Sources */,
				EB372AEF2A198BF9005BE931 /* MainView.swift in Sources */,
				EB372AED2A198BF9005BE931 /* oFolcloreCartasApp.swift in Sources */,
				EBEF872D2A1AC9A700B117E4 /* JogoViewModel.swift in Sources */,
			);
			runOnlyForDeploymentPostprocessing = 0;
		};
		EB372AF52A198BFA005BE931 /* Sources */ = {
			isa = PBXSourcesBuildPhase;
			buildActionMask = 2147483647;
			files = (
				EB372AFE2A198BFA005BE931 /* oFolcloreCartasTests.swift in Sources */,
			);
			runOnlyForDeploymentPostprocessing = 0;
		};
		EB372AFF2A198BFA005BE931 /* Sources */ = {
			isa = PBXSourcesBuildPhase;
			buildActionMask = 2147483647;
			files = (
				EB372B0A2A198BFA005BE931 /* oFolcloreCartasUITestsLaunchTests.swift in Sources */,
				EB372B082A198BFA005BE931 /* oFolcloreCartasUITests.swift in Sources */,
			);
			runOnlyForDeploymentPostprocessing = 0;
		};
/* End PBXSourcesBuildPhase section */

/* Begin PBXTargetDependency section */
		EB372AFB2A198BFA005BE931 /* PBXTargetDependency */ = {
			isa = PBXTargetDependency;
			target = EB372AE82A198BF9005BE931 /* oFolcloreCartas */;
			targetProxy = EB372AFA2A198BFA005BE931 /* PBXContainerItemProxy */;
		};
		EB372B052A198BFA005BE931 /* PBXTargetDependency */ = {
			isa = PBXTargetDependency;
			target = EB372AE82A198BF9005BE931 /* oFolcloreCartas */;
			targetProxy = EB372B042A198BFA005BE931 /* PBXContainerItemProxy */;
		};
/* End PBXTargetDependency section */

/* Begin XCBuildConfiguration section */
		EB372B0B2A198BFA005BE931 /* Debug */ = {
			isa = XCBuildConfiguration;
			buildSettings = {
				ALWAYS_SEARCH_USER_PATHS = NO;
				CLANG_ANALYZER_NONNULL = YES;
				CLANG_ANALYZER_NUMBER_OBJECT_CONVERSION = YES_AGGRESSIVE;
				CLANG_CXX_LANGUAGE_STANDARD = "gnu++20";
				CLANG_ENABLE_MODULES = YES;
				CLANG_ENABLE_OBJC_ARC = YES;
				CLANG_ENABLE_OBJC_WEAK = YES;
				CLANG_WARN_BLOCK_CAPTURE_AUTORELEASING = YES;
				CLANG_WARN_BOOL_CONVERSION = YES;
				CLANG_WARN_COMMA = YES;
				CLANG_WARN_CONSTANT_CONVERSION = YES;
				CLANG_WARN_DEPRECATED_OBJC_IMPLEMENTATIONS = YES;
				CLANG_WARN_DIRECT_OBJC_ISA_USAGE = YES_ERROR;
				CLANG_WARN_DOCUMENTATION_COMMENTS = YES;
				CLANG_WARN_EMPTY_BODY = YES;
				CLANG_WARN_ENUM_CONVERSION = YES;
				CLANG_WARN_INFINITE_RECURSION = YES;
				CLANG_WARN_INT_CONVERSION = YES;
				CLANG_WARN_NON_LITERAL_NULL_CONVERSION = YES;
				CLANG_WARN_OBJC_IMPLICIT_RETAIN_SELF = YES;
				CLANG_WARN_OBJC_LITERAL_CONVERSION = YES;
				CLANG_WARN_OBJC_ROOT_CLASS = YES_ERROR;
				CLANG_WARN_QUOTED_INCLUDE_IN_FRAMEWORK_HEADER = YES;
				CLANG_WARN_RANGE_LOOP_ANALYSIS = YES;
				CLANG_WARN_STRICT_PROTOTYPES = YES;
				CLANG_WARN_SUSPICIOUS_MOVE = YES;
				CLANG_WARN_UNGUARDED_AVAILABILITY = YES_AGGRESSIVE;
				CLANG_WARN_UNREACHABLE_CODE = YES;
				CLANG_WARN__DUPLICATE_METHOD_MATCH = YES;
				COPY_PHASE_STRIP = NO;
				DEBUG_INFORMATION_FORMAT = dwarf;
				ENABLE_STRICT_OBJC_MSGSEND = YES;
				ENABLE_TESTABILITY = YES;
				GCC_C_LANGUAGE_STANDARD = gnu11;
				GCC_DYNAMIC_NO_PIC = NO;
				GCC_NO_COMMON_BLOCKS = YES;
				GCC_OPTIMIZATION_LEVEL = 0;
				GCC_PREPROCESSOR_DEFINITIONS = (
					"DEBUG=1",
					"$(inherited)",
				);
				GCC_WARN_64_TO_32_BIT_CONVERSION = YES;
				GCC_WARN_ABOUT_RETURN_TYPE = YES_ERROR;
				GCC_WARN_UNDECLARED_SELECTOR = YES;
				GCC_WARN_UNINITIALIZED_AUTOS = YES_AGGRESSIVE;
				GCC_WARN_UNUSED_FUNCTION = YES;
				GCC_WARN_UNUSED_VARIABLE = YES;
				IPHONEOS_DEPLOYMENT_TARGET = 16.2;
				MTL_ENABLE_DEBUG_INFO = INCLUDE_SOURCE;
				MTL_FAST_MATH = YES;
				ONLY_ACTIVE_ARCH = YES;
				SDKROOT = iphoneos;
				SWIFT_ACTIVE_COMPILATION_CONDITIONS = DEBUG;
				SWIFT_OPTIMIZATION_LEVEL = "-Onone";
			};
			name = Debug;
		};
		EB372B0C2A198BFA005BE931 /* Release */ = {
			isa = XCBuildConfiguration;
			buildSettings = {
				ALWAYS_SEARCH_USER_PATHS = NO;
				CLANG_ANALYZER_NONNULL = YES;
				CLANG_ANALYZER_NUMBER_OBJECT_CONVERSION = YES_AGGRESSIVE;
				CLANG_CXX_LANGUAGE_STANDARD = "gnu++20";
				CLANG_ENABLE_MODULES = YES;
				CLANG_ENABLE_OBJC_ARC = YES;
				CLANG_ENABLE_OBJC_WEAK = YES;
				CLANG_WARN_BLOCK_CAPTURE_AUTORELEASING = YES;
				CLANG_WARN_BOOL_CONVERSION = YES;
				CLANG_WARN_COMMA = YES;
				CLANG_WARN_CONSTANT_CONVERSION = YES;
				CLANG_WARN_DEPRECATED_OBJC_IMPLEMENTATIONS = YES;
				CLANG_WARN_DIRECT_OBJC_ISA_USAGE = YES_ERROR;
				CLANG_WARN_DOCUMENTATION_COMMENTS = YES;
				CLANG_WARN_EMPTY_BODY = YES;
				CLANG_WARN_ENUM_CONVERSION = YES;
				CLANG_WARN_INFINITE_RECURSION = YES;
				CLANG_WARN_INT_CONVERSION = YES;
				CLANG_WARN_NON_LITERAL_NULL_CONVERSION = YES;
				CLANG_WARN_OBJC_IMPLICIT_RETAIN_SELF = YES;
				CLANG_WARN_OBJC_LITERAL_CONVERSION = YES;
				CLANG_WARN_OBJC_ROOT_CLASS = YES_ERROR;
				CLANG_WARN_QUOTED_INCLUDE_IN_FRAMEWORK_HEADER = YES;
				CLANG_WARN_RANGE_LOOP_ANALYSIS = YES;
				CLANG_WARN_STRICT_PROTOTYPES = YES;
				CLANG_WARN_SUSPICIOUS_MOVE = YES;
				CLANG_WARN_UNGUARDED_AVAILABILITY = YES_AGGRESSIVE;
				CLANG_WARN_UNREACHABLE_CODE = YES;
				CLANG_WARN__DUPLICATE_METHOD_MATCH = YES;
				COPY_PHASE_STRIP = NO;
				DEBUG_INFORMATION_FORMAT = "dwarf-with-dsym";
				ENABLE_NS_ASSERTIONS = NO;
				ENABLE_STRICT_OBJC_MSGSEND = YES;
				GCC_C_LANGUAGE_STANDARD = gnu11;
				GCC_NO_COMMON_BLOCKS = YES;
				GCC_WARN_64_TO_32_BIT_CONVERSION = YES;
				GCC_WARN_ABOUT_RETURN_TYPE = YES_ERROR;
				GCC_WARN_UNDECLARED_SELECTOR = YES;
				GCC_WARN_UNINITIALIZED_AUTOS = YES_AGGRESSIVE;
				GCC_WARN_UNUSED_FUNCTION = YES;
				GCC_WARN_UNUSED_VARIABLE = YES;
				IPHONEOS_DEPLOYMENT_TARGET = 16.2;
				MTL_ENABLE_DEBUG_INFO = NO;
				MTL_FAST_MATH = YES;
				SDKROOT = iphoneos;
				SWIFT_COMPILATION_MODE = wholemodule;
				SWIFT_OPTIMIZATION_LEVEL = "-O";
				VALIDATE_PRODUCT = YES;
			};
			name = Release;
		};
		EB372B0E2A198BFA005BE931 /* Debug */ = {
			isa = XCBuildConfiguration;
			buildSettings = {
				ASSETCATALOG_COMPILER_APPICON_NAME = AppIcon;
				ASSETCATALOG_COMPILER_GLOBAL_ACCENT_COLOR_NAME = AccentColor;
				CODE_SIGN_STYLE = Automatic;
				CURRENT_PROJECT_VERSION = 1;
				DEVELOPMENT_ASSET_PATHS = "\"oFolcloreCartas/Preview Content\"";
				DEVELOPMENT_TEAM = 76KNCX7A8A;
				ENABLE_PREVIEWS = YES;
				GENERATE_INFOPLIST_FILE = YES;
				INFOPLIST_KEY_UIApplicationSceneManifest_Generation = YES;
				INFOPLIST_KEY_UIApplicationSupportsIndirectInputEvents = YES;
				INFOPLIST_KEY_UILaunchScreen_Generation = YES;
				INFOPLIST_KEY_UISupportedInterfaceOrientations_iPad = "UIInterfaceOrientationLandscapeLeft UIInterfaceOrientationLandscapeRight";
				INFOPLIST_KEY_UISupportedInterfaceOrientations_iPhone = "UIInterfaceOrientationLandscapeRight UIInterfaceOrientationLandscapeLeft";
				LD_RUNPATH_SEARCH_PATHS = (
					"$(inherited)",
					"@executable_path/Frameworks",
				);
				MARKETING_VERSION = 1.0;
				PRODUCT_BUNDLE_IDENTIFIER = HC.oFolcloreCartas;
				PRODUCT_NAME = "$(TARGET_NAME)";
				SUPPORTED_PLATFORMS = "iphoneos iphonesimulator";
				SUPPORTS_MACCATALYST = NO;
				SUPPORTS_MAC_DESIGNED_FOR_IPHONE_IPAD = NO;
				SWIFT_EMIT_LOC_STRINGS = YES;
				SWIFT_VERSION = 5.0;
				TARGETED_DEVICE_FAMILY = "1,2";
			};
			name = Debug;
		};
		EB372B0F2A198BFA005BE931 /* Release */ = {
			isa = XCBuildConfiguration;
			buildSettings = {
				ASSETCATALOG_COMPILER_APPICON_NAME = AppIcon;
				ASSETCATALOG_COMPILER_GLOBAL_ACCENT_COLOR_NAME = AccentColor;
				CODE_SIGN_STYLE = Automatic;
				CURRENT_PROJECT_VERSION = 1;
				DEVELOPMENT_ASSET_PATHS = "\"oFolcloreCartas/Preview Content\"";
				DEVELOPMENT_TEAM = 76KNCX7A8A;
				ENABLE_PREVIEWS = YES;
				GENERATE_INFOPLIST_FILE = YES;
				INFOPLIST_KEY_UIApplicationSceneManifest_Generation = YES;
				INFOPLIST_KEY_UIApplicationSupportsIndirectInputEvents = YES;
				INFOPLIST_KEY_UILaunchScreen_Generation = YES;
				INFOPLIST_KEY_UISupportedInterfaceOrientations_iPad = "UIInterfaceOrientationLandscapeLeft UIInterfaceOrientationLandscapeRight";
				INFOPLIST_KEY_UISupportedInterfaceOrientations_iPhone = "UIInterfaceOrientationLandscapeRight UIInterfaceOrientationLandscapeLeft";
				LD_RUNPATH_SEARCH_PATHS = (
					"$(inherited)",
					"@executable_path/Frameworks",
				);
				MARKETING_VERSION = 1.0;
				PRODUCT_BUNDLE_IDENTIFIER = HC.oFolcloreCartas;
				PRODUCT_NAME = "$(TARGET_NAME)";
				SUPPORTED_PLATFORMS = "iphoneos iphonesimulator";
				SUPPORTS_MACCATALYST = NO;
				SUPPORTS_MAC_DESIGNED_FOR_IPHONE_IPAD = NO;
				SWIFT_EMIT_LOC_STRINGS = YES;
				SWIFT_VERSION = 5.0;
				TARGETED_DEVICE_FAMILY = "1,2";
			};
			name = Release;
		};
		EB372B112A198BFA005BE931 /* Debug */ = {
			isa = XCBuildConfiguration;
			buildSettings = {
				ALWAYS_EMBED_SWIFT_STANDARD_LIBRARIES = YES;
				BUNDLE_LOADER = "$(TEST_HOST)";
				CODE_SIGN_STYLE = Automatic;
				CURRENT_PROJECT_VERSION = 1;
				DEVELOPMENT_TEAM = 76KNCX7A8A;
				GENERATE_INFOPLIST_FILE = YES;
				IPHONEOS_DEPLOYMENT_TARGET = 16.2;
				MARKETING_VERSION = 1.0;
				PRODUCT_BUNDLE_IDENTIFIER = HC.oFolcloreCartasTests;
				PRODUCT_NAME = "$(TARGET_NAME)";
				SWIFT_EMIT_LOC_STRINGS = NO;
				SWIFT_VERSION = 5.0;
				TARGETED_DEVICE_FAMILY = "1,2";
				TEST_HOST = "$(BUILT_PRODUCTS_DIR)/oFolcloreCartas.app/$(BUNDLE_EXECUTABLE_FOLDER_PATH)/oFolcloreCartas";
			};
			name = Debug;
		};
		EB372B122A198BFA005BE931 /* Release */ = {
			isa = XCBuildConfiguration;
			buildSettings = {
				ALWAYS_EMBED_SWIFT_STANDARD_LIBRARIES = YES;
				BUNDLE_LOADER = "$(TEST_HOST)";
				CODE_SIGN_STYLE = Automatic;
				CURRENT_PROJECT_VERSION = 1;
				DEVELOPMENT_TEAM = 76KNCX7A8A;
				GENERATE_INFOPLIST_FILE = YES;
				IPHONEOS_DEPLOYMENT_TARGET = 16.2;
				MARKETING_VERSION = 1.0;
				PRODUCT_BUNDLE_IDENTIFIER = HC.oFolcloreCartasTests;
				PRODUCT_NAME = "$(TARGET_NAME)";
				SWIFT_EMIT_LOC_STRINGS = NO;
				SWIFT_VERSION = 5.0;
				TARGETED_DEVICE_FAMILY = "1,2";
				TEST_HOST = "$(BUILT_PRODUCTS_DIR)/oFolcloreCartas.app/$(BUNDLE_EXECUTABLE_FOLDER_PATH)/oFolcloreCartas";
			};
			name = Release;
		};
		EB372B142A198BFA005BE931 /* Debug */ = {
			isa = XCBuildConfiguration;
			buildSettings = {
				ALWAYS_EMBED_SWIFT_STANDARD_LIBRARIES = YES;
				CODE_SIGN_STYLE = Automatic;
				CURRENT_PROJECT_VERSION = 1;
				DEVELOPMENT_TEAM = 76KNCX7A8A;
				GENERATE_INFOPLIST_FILE = YES;
				MARKETING_VERSION = 1.0;
				PRODUCT_BUNDLE_IDENTIFIER = HC.oFolcloreCartasUITests;
				PRODUCT_NAME = "$(TARGET_NAME)";
				SWIFT_EMIT_LOC_STRINGS = NO;
				SWIFT_VERSION = 5.0;
				TARGETED_DEVICE_FAMILY = "1,2";
				TEST_TARGET_NAME = oFolcloreCartas;
			};
			name = Debug;
		};
		EB372B152A198BFA005BE931 /* Release */ = {
			isa = XCBuildConfiguration;
			buildSettings = {
				ALWAYS_EMBED_SWIFT_STANDARD_LIBRARIES = YES;
				CODE_SIGN_STYLE = Automatic;
				CURRENT_PROJECT_VERSION = 1;
				DEVELOPMENT_TEAM = 76KNCX7A8A;
				GENERATE_INFOPLIST_FILE = YES;
				MARKETING_VERSION = 1.0;
				PRODUCT_BUNDLE_IDENTIFIER = HC.oFolcloreCartasUITests;
				PRODUCT_NAME = "$(TARGET_NAME)";
				SWIFT_EMIT_LOC_STRINGS = NO;
				SWIFT_VERSION = 5.0;
				TARGETED_DEVICE_FAMILY = "1,2";
				TEST_TARGET_NAME = oFolcloreCartas;
			};
			name = Release;
		};
/* End XCBuildConfiguration section */

/* Begin XCConfigurationList section */
		EB372AE42A198BF8005BE931 /* Build configuration list for PBXProject "oFolcloreCartas" */ = {
			isa = XCConfigurationList;
			buildConfigurations = (
				EB372B0B2A198BFA005BE931 /* Debug */,
				EB372B0C2A198BFA005BE931 /* Release */,
			);
			defaultConfigurationIsVisible = 0;
			defaultConfigurationName = Release;
		};
		EB372B0D2A198BFA005BE931 /* Build configuration list for PBXNativeTarget "oFolcloreCartas" */ = {
			isa = XCConfigurationList;
			buildConfigurations = (
				EB372B0E2A198BFA005BE931 /* Debug */,
				EB372B0F2A198BFA005BE931 /* Release */,
			);
			defaultConfigurationIsVisible = 0;
			defaultConfigurationName = Release;
		};
		EB372B102A198BFA005BE931 /* Build configuration list for PBXNativeTarget "oFolcloreCartasTests" */ = {
			isa = XCConfigurationList;
			buildConfigurations = (
				EB372B112A198BFA005BE931 /* Debug */,
				EB372B122A198BFA005BE931 /* Release */,
			);
			defaultConfigurationIsVisible = 0;
			defaultConfigurationName = Release;
		};
		EB372B132A198BFA005BE931 /* Build configuration list for PBXNativeTarget "oFolcloreCartasUITests" */ = {
			isa = XCConfigurationList;
			buildConfigurations = (
				EB372B142A198BFA005BE931 /* Debug */,
				EB372B152A198BFA005BE931 /* Release */,
			);
			defaultConfigurationIsVisible = 0;
			defaultConfigurationName = Release;
		};
/* End XCConfigurationList section */
	};
	rootObject = EB372AE12A198BF8005BE931 /* Project object */;
}
